// !$*UTF8*$!
{
	archiveVersion = 1;
	classes = {
	};
	objectVersion = 56;
	objects = {

/* Begin PBXBuildFile section */
		E808127A2DC83B5C00C42BB9 /* ChatScreen.swift in Sources */ = {isa = PBXBuildFile; fileRef = E80812792DC83B5C00C42BB9 /* ChatScreen.swift */; };
		E808127C2DC83B7300C42BB9 /* GalleriesScreen.swift in Sources */ = {isa = PBXBuildFile; fileRef = E808127B2DC83B7300C42BB9 /* GalleriesScreen.swift */; };
		E808127E2DC83B8400C42BB9 /* MapsScreen.swift in Sources */ = {isa = PBXBuildFile; fileRef = E808127D2DC83B8400C42BB9 /* MapsScreen.swift */; };
		E80812802DC8468500C42BB9 /* MainTabView.swift in Sources */ = {isa = PBXBuildFile; fileRef = E808127F2DC8468500C42BB9 /* MainTabView.swift */; };
		E80812842DC8790600C42BB9 /* LowerLevelScreen.swift in Sources */ = {isa = PBXBuildFile; fileRef = E80812832DC8790600C42BB9 /* LowerLevelScreen.swift */; };
		E80812862DC8791900C42BB9 /* Level1Screen.swift in Sources */ = {isa = PBXBuildFile; fileRef = E80812852DC8791900C42BB9 /* Level1Screen.swift */; };
		E80812882DC8792E00C42BB9 /* Level2Screen.swift in Sources */ = {isa = PBXBuildFile; fileRef = E80812872DC8792E00C42BB9 /* Level2Screen.swift */; };
		E808128A2DC8793C00C42BB9 /* Level3Screen.swift in Sources */ = {isa = PBXBuildFile; fileRef = E80812892DC8793C00C42BB9 /* Level3Screen.swift */; };
		E808128C2DC9CC7E00C42BB9 /* ItemDefinitions.swift in Sources */ = {isa = PBXBuildFile; fileRef = E808128B2DC9CC7E00C42BB9 /* ItemDefinitions.swift */; };
		E808128E2DCA46C400C42BB9 /* MapData.swift in Sources */ = {isa = PBXBuildFile; fileRef = E808128D2DCA46C400C42BB9 /* MapData.swift */; };
		E87093DB2DC17518007489DD /* AppDelegate.swift in Sources */ = {isa = PBXBuildFile; fileRef = E87093DA2DC17518007489DD /* AppDelegate.swift */; };
		E87093DD2DC17518007489DD /* SceneDelegate.swift in Sources */ = {isa = PBXBuildFile; fileRef = E87093DC2DC17518007489DD /* SceneDelegate.swift */; };
		E87093DF2DC17518007489DD /* ViewController.swift in Sources */ = {isa = PBXBuildFile; fileRef = E87093DE2DC17518007489DD /* ViewController.swift */; };
		E87093E42DC1751B007489DD /* Assets.xcassets in Resources */ = {isa = PBXBuildFile; fileRef = E87093E32DC1751B007489DD /* Assets.xcassets */; };
		E87093FA2DC27A0A007489DD /* WelcomeViewController.swift in Sources */ = {isa = PBXBuildFile; fileRef = E87093F92DC27A0A007489DD /* WelcomeViewController.swift */; };
		E87093FC2DC2B956007489DD /* WelcomeScreen.swift in Sources */ = {isa = PBXBuildFile; fileRef = E87093FB2DC2B956007489DD /* WelcomeScreen.swift */; };
		E87093FF2DC2C538007489DD /* Jura-VariableFont_wght.ttf in Resources */ = {isa = PBXBuildFile; fileRef = E87093FE2DC2C538007489DD /* Jura-VariableFont_wght.ttf */; };
		E87094012DC2C542007489DD /* Quicksand-VariableFont_wght.ttf in Resources */ = {isa = PBXBuildFile; fileRef = E87094002DC2C542007489DD /* Quicksand-VariableFont_wght.ttf */; };
		E87094032DC50F3B007489DD /* LaunchScreen.storyboard in Resources */ = {isa = PBXBuildFile; fileRef = E87094022DC50F3B007489DD /* LaunchScreen.storyboard */; };
		E87094052DC521B2007489DD /* Extensions.swift in Sources */ = {isa = PBXBuildFile; fileRef = E87094042DC521B1007489DD /* Extensions.swift */; };
		E87094092DC55471007489DD /* HomeScreen.swift in Sources */ = {isa = PBXBuildFile; fileRef = E87094082DC55471007489DD /* HomeScreen.swift */; };
		E870940B2DC55776007489DD /* PopupScreen.swift in Sources */ = {isa = PBXBuildFile; fileRef = E870940A2DC55776007489DD /* PopupScreen.swift */; };
		E8E599D22DC58529007F16A0 /* RootView.swift in Sources */ = {isa = PBXBuildFile; fileRef = E8E599D12DC58529007F16A0 /* RootView.swift */; };
		E8E599D42DC58AC6007F16A0 /* AppStateManager.swift in Sources */ = {isa = PBXBuildFile; fileRef = E8E599D32DC58AC6007F16A0 /* AppStateManager.swift */; };
/* End PBXBuildFile section */

/* Begin PBXFileReference section */
		E80812792DC83B5C00C42BB9 /* ChatScreen.swift */ = {isa = PBXFileReference; lastKnownFileType = sourcecode.swift; path = ChatScreen.swift; sourceTree = "<group>"; };
		E808127B2DC83B7300C42BB9 /* GalleriesScreen.swift */ = {isa = PBXFileReference; lastKnownFileType = sourcecode.swift; path = GalleriesScreen.swift; sourceTree = "<group>"; };
		E808127D2DC83B8400C42BB9 /* MapsScreen.swift */ = {isa = PBXFileReference; lastKnownFileType = sourcecode.swift; path = MapsScreen.swift; sourceTree = "<group>"; };
		E808127F2DC8468500C42BB9 /* MainTabView.swift */ = {isa = PBXFileReference; lastKnownFileType = sourcecode.swift; path = MainTabView.swift; sourceTree = "<group>"; };
		E80812832DC8790600C42BB9 /* LowerLevelScreen.swift */ = {isa = PBXFileReference; lastKnownFileType = sourcecode.swift; path = LowerLevelScreen.swift; sourceTree = "<group>"; };
		E80812852DC8791900C42BB9 /* Level1Screen.swift */ = {isa = PBXFileReference; lastKnownFileType = sourcecode.swift; path = Level1Screen.swift; sourceTree = "<group>"; };
		E80812872DC8792E00C42BB9 /* Level2Screen.swift */ = {isa = PBXFileReference; lastKnownFileType = sourcecode.swift; path = Level2Screen.swift; sourceTree = "<group>"; };
		E80812892DC8793C00C42BB9 /* Level3Screen.swift */ = {isa = PBXFileReference; lastKnownFileType = sourcecode.swift; path = Level3Screen.swift; sourceTree = "<group>"; };
		E808128B2DC9CC7E00C42BB9 /* ItemDefinitions.swift */ = {isa = PBXFileReference; lastKnownFileType = sourcecode.swift; path = ItemDefinitions.swift; sourceTree = "<group>"; };
		E808128D2DCA46C400C42BB9 /* MapData.swift */ = {isa = PBXFileReference; lastKnownFileType = sourcecode.swift; path = MapData.swift; sourceTree = "<group>"; };
		E87093D72DC17518007489DD /* MCDCGuide.app */ = {isa = PBXFileReference; explicitFileType = wrapper.application; includeInIndex = 0; path = MCDCGuide.app; sourceTree = BUILT_PRODUCTS_DIR; };
		E87093DA2DC17518007489DD /* AppDelegate.swift */ = {isa = PBXFileReference; lastKnownFileType = sourcecode.swift; path = AppDelegate.swift; sourceTree = "<group>"; };
		E87093DC2DC17518007489DD /* SceneDelegate.swift */ = {isa = PBXFileReference; lastKnownFileType = sourcecode.swift; path = SceneDelegate.swift; sourceTree = "<group>"; };
		E87093DE2DC17518007489DD /* ViewController.swift */ = {isa = PBXFileReference; lastKnownFileType = sourcecode.swift; path = ViewController.swift; sourceTree = "<group>"; };
		E87093E32DC1751B007489DD /* Assets.xcassets */ = {isa = PBXFileReference; lastKnownFileType = folder.assetcatalog; path = Assets.xcassets; sourceTree = "<group>"; };
		E87093E82DC1751B007489DD /* Info.plist */ = {isa = PBXFileReference; lastKnownFileType = text.plist.xml; path = Info.plist; sourceTree = "<group>"; };
		E87093F92DC27A0A007489DD /* WelcomeViewController.swift */ = {isa = PBXFileReference; lastKnownFileType = sourcecode.swift; path = WelcomeViewController.swift; sourceTree = "<group>"; };
		E87093FB2DC2B956007489DD /* WelcomeScreen.swift */ = {isa = PBXFileReference; lastKnownFileType = sourcecode.swift; path = WelcomeScreen.swift; sourceTree = "<group>"; };
		E87093FE2DC2C538007489DD /* Jura-VariableFont_wght.ttf */ = {isa = PBXFileReference; lastKnownFileType = file; path = "Jura-VariableFont_wght.ttf"; sourceTree = "<group>"; };
		E87094002DC2C542007489DD /* Quicksand-VariableFont_wght.ttf */ = {isa = PBXFileReference; lastKnownFileType = file; path = "Quicksand-VariableFont_wght.ttf"; sourceTree = "<group>"; };
		E87094022DC50F3B007489DD /* LaunchScreen.storyboard */ = {isa = PBXFileReference; lastKnownFileType = file.storyboard; path = LaunchScreen.storyboard; sourceTree = "<group>"; };
		E87094042DC521B1007489DD /* Extensions.swift */ = {isa = PBXFileReference; lastKnownFileType = sourcecode.swift; path = Extensions.swift; sourceTree = "<group>"; };
		E87094082DC55471007489DD /* HomeScreen.swift */ = {isa = PBXFileReference; lastKnownFileType = sourcecode.swift; path = HomeScreen.swift; sourceTree = "<group>"; };
		E870940A2DC55776007489DD /* PopupScreen.swift */ = {isa = PBXFileReference; lastKnownFileType = sourcecode.swift; path = PopupScreen.swift; sourceTree = "<group>"; };
		E8E599D12DC58529007F16A0 /* RootView.swift */ = {isa = PBXFileReference; lastKnownFileType = sourcecode.swift; path = RootView.swift; sourceTree = "<group>"; };
		E8E599D32DC58AC6007F16A0 /* AppStateManager.swift */ = {isa = PBXFileReference; lastKnownFileType = sourcecode.swift; path = AppStateManager.swift; sourceTree = "<group>"; };
/* End PBXFileReference section */

/* Begin PBXFrameworksBuildPhase section */
		E87093D42DC17518007489DD /* Frameworks */ = {
			isa = PBXFrameworksBuildPhase;
			buildActionMask = 2147483647;
			files = (
			);
			runOnlyForDeploymentPostprocessing = 0;
		};
/* End PBXFrameworksBuildPhase section */

/* Begin PBXGroup section */
		E80812812DC8652200C42BB9 /* MainTabviewScreens */ = {
			isa = PBXGroup;
			children = (
				E87094082DC55471007489DD /* HomeScreen.swift */,
				E808127D2DC83B8400C42BB9 /* MapsScreen.swift */,
				E80812822DC878D000C42BB9 /* DetailedMapScreens */,
				E808127B2DC83B7300C42BB9 /* GalleriesScreen.swift */,
				E80812792DC83B5C00C42BB9 /* ChatScreen.swift */,
			);
			name = MainTabviewScreens;
			sourceTree = "<group>";
		};
		E80812822DC878D000C42BB9 /* DetailedMapScreens */ = {
			isa = PBXGroup;
			children = (
				E80812832DC8790600C42BB9 /* LowerLevelScreen.swift */,
				E80812852DC8791900C42BB9 /* Level1Screen.swift */,
				E80812872DC8792E00C42BB9 /* Level2Screen.swift */,
				E80812892DC8793C00C42BB9 /* Level3Screen.swift */,
			);
			name = DetailedMapScreens;
			sourceTree = "<group>";
		};
		E87093CE2DC17518007489DD = {
			isa = PBXGroup;
			children = (
				E87094042DC521B1007489DD /* Extensions.swift */,
				E87093D92DC17518007489DD /* MCDCGuide */,
				E87093D82DC17518007489DD /* Products */,
			);
			sourceTree = "<group>";
		};
		E87093D82DC17518007489DD /* Products */ = {
			isa = PBXGroup;
			children = (
				E87093D72DC17518007489DD /* MCDCGuide.app */,
			);
			name = Products;
			sourceTree = "<group>";
		};
		E87093D92DC17518007489DD /* MCDCGuide */ = {
			isa = PBXGroup;
			children = (
				E87093FD2DC2C4A0007489DD /* Fonts */,
				E87093F22DC1C2BF007489DD /* Model */,
				E87093F42DC1C2E7007489DD /* View */,
				E87093F62DC1C339007489DD /* Controller */,
				E87093DA2DC17518007489DD /* AppDelegate.swift */,
				E87093DC2DC17518007489DD /* SceneDelegate.swift */,
				E87093E32DC1751B007489DD /* Assets.xcassets */,
				E87093E82DC1751B007489DD /* Info.plist */,
			);
			path = MCDCGuide;
			sourceTree = "<group>";
		};
		E87093F22DC1C2BF007489DD /* Model */ = {
			isa = PBXGroup;
			children = (
				E8E599D32DC58AC6007F16A0 /* AppStateManager.swift */,
				E808128B2DC9CC7E00C42BB9 /* ItemDefinitions.swift */,
			);
			name = Model;
			sourceTree = "<group>";
		};
		E87093F42DC1C2E7007489DD /* View */ = {
			isa = PBXGroup;
			children = (
				E87094022DC50F3B007489DD /* LaunchScreen.storyboard */,
				E8E599D12DC58529007F16A0 /* RootView.swift */,
				E87093FB2DC2B956007489DD /* WelcomeScreen.swift */,
				E870940A2DC55776007489DD /* PopupScreen.swift */,
				E808127F2DC8468500C42BB9 /* MainTabView.swift */,
				E80812812DC8652200C42BB9 /* MainTabviewScreens */,
			);
			name = View;
			sourceTree = "<group>";
		};
		E87093F62DC1C339007489DD /* Controller */ = {
			isa = PBXGroup;
			children = (
				E808128D2DCA46C400C42BB9 /* MapData.swift */,
				E87093DE2DC17518007489DD /* ViewController.swift */,
				E87093F92DC27A0A007489DD /* WelcomeViewController.swift */,
			);
			name = Controller;
			sourceTree = "<group>";
		};
		E87093FD2DC2C4A0007489DD /* Fonts */ = {
			isa = PBXGroup;
			children = (
				E87093FE2DC2C538007489DD /* Jura-VariableFont_wght.ttf */,
				E87094002DC2C542007489DD /* Quicksand-VariableFont_wght.ttf */,
			);
			name = Fonts;
			sourceTree = "<group>";
		};
/* End PBXGroup section */

/* Begin PBXNativeTarget section */
		E87093D62DC17518007489DD /* MCDCGuide */ = {
			isa = PBXNativeTarget;
			buildConfigurationList = E87093EB2DC1751B007489DD /* Build configuration list for PBXNativeTarget "MCDCGuide" */;
			buildPhases = (
				E87093D32DC17518007489DD /* Sources */,
				E87093D42DC17518007489DD /* Frameworks */,
				E87093D52DC17518007489DD /* Resources */,
			);
			buildRules = (
			);
			dependencies = (
			);
			name = MCDCGuide;
			productName = MCDCGuide;
			productReference = E87093D72DC17518007489DD /* MCDCGuide.app */;
			productType = "com.apple.product-type.application";
		};
/* End PBXNativeTarget section */

/* Begin PBXProject section */
		E87093CF2DC17518007489DD /* Project object */ = {
			isa = PBXProject;
			attributes = {
				BuildIndependentTargetsInParallel = 1;
				LastSwiftUpdateCheck = 1520;
				LastUpgradeCheck = 1520;
				TargetAttributes = {
					E87093D62DC17518007489DD = {
						CreatedOnToolsVersion = 15.2;
					};
				};
			};
			buildConfigurationList = E87093D22DC17518007489DD /* Build configuration list for PBXProject "MCDCGuide" */;
			compatibilityVersion = "Xcode 14.0";
			developmentRegion = en;
			hasScannedForEncodings = 0;
			knownRegions = (
				en,
				Base,
			);
			mainGroup = E87093CE2DC17518007489DD;
			productRefGroup = E87093D82DC17518007489DD /* Products */;
			projectDirPath = "";
			projectRoot = "";
			targets = (
				E87093D62DC17518007489DD /* MCDCGuide */,
			);
		};
/* End PBXProject section */

/* Begin PBXResourcesBuildPhase section */
		E87093D52DC17518007489DD /* Resources */ = {
			isa = PBXResourcesBuildPhase;
			buildActionMask = 2147483647;
			files = (
				E87093E42DC1751B007489DD /* Assets.xcassets in Resources */,
				E87094032DC50F3B007489DD /* LaunchScreen.storyboard in Resources */,
				E87094012DC2C542007489DD /* Quicksand-VariableFont_wght.ttf in Resources */,
				E87093FF2DC2C538007489DD /* Jura-VariableFont_wght.ttf in Resources */,
			);
			runOnlyForDeploymentPostprocessing = 0;
		};
/* End PBXResourcesBuildPhase section */

/* Begin PBXSourcesBuildPhase section */
		E87093D32DC17518007489DD /* Sources */ = {
			isa = PBXSourcesBuildPhase;
			buildActionMask = 2147483647;
			files = (
				E87093FC2DC2B956007489DD /* WelcomeScreen.swift in Sources */,
				E87094052DC521B2007489DD /* Extensions.swift in Sources */,
				E87094092DC55471007489DD /* HomeScreen.swift in Sources */,
				E870940B2DC55776007489DD /* PopupScreen.swift in Sources */,
				E80812842DC8790600C42BB9 /* LowerLevelScreen.swift in Sources */,
				E87093DF2DC17518007489DD /* ViewController.swift in Sources */,
				E80812862DC8791900C42BB9 /* Level1Screen.swift in Sources */,
				E8E599D22DC58529007F16A0 /* RootView.swift in Sources */,
				E808128A2DC8793C00C42BB9 /* Level3Screen.swift in Sources */,
				E87093FA2DC27A0A007489DD /* WelcomeViewController.swift in Sources */,
				E87093DB2DC17518007489DD /* AppDelegate.swift in Sources */,
				E808128E2DCA46C400C42BB9 /* MapData.swift in Sources */,
				E808127C2DC83B7300C42BB9 /* GalleriesScreen.swift in Sources */,
				E80812882DC8792E00C42BB9 /* Level2Screen.swift in Sources */,
				E808127A2DC83B5C00C42BB9 /* ChatScreen.swift in Sources */,
				E808127E2DC83B8400C42BB9 /* MapsScreen.swift in Sources */,
				E808128C2DC9CC7E00C42BB9 /* ItemDefinitions.swift in Sources */,
				E80812802DC8468500C42BB9 /* MainTabView.swift in Sources */,
				E87093DD2DC17518007489DD /* SceneDelegate.swift in Sources */,
				E8E599D42DC58AC6007F16A0 /* AppStateManager.swift in Sources */,
			);
			runOnlyForDeploymentPostprocessing = 0;
		};
/* End PBXSourcesBuildPhase section */

/* Begin XCBuildConfiguration section */
		E87093E92DC1751B007489DD /* Debug */ = {
			isa = XCBuildConfiguration;
			buildSettings = {
				ALWAYS_SEARCH_USER_PATHS = NO;
				ASSETCATALOG_COMPILER_GENERATE_SWIFT_ASSET_SYMBOL_EXTENSIONS = YES;
				CLANG_ANALYZER_NONNULL = YES;
				CLANG_ANALYZER_NUMBER_OBJECT_CONVERSION = YES_AGGRESSIVE;
				CLANG_CXX_LANGUAGE_STANDARD = "gnu++20";
				CLANG_ENABLE_MODULES = YES;
				CLANG_ENABLE_OBJC_ARC = YES;
				CLANG_ENABLE_OBJC_WEAK = YES;
				CLANG_WARN_BLOCK_CAPTURE_AUTORELEASING = YES;
				CLANG_WARN_BOOL_CONVERSION = YES;
				CLANG_WARN_COMMA = YES;
				CLANG_WARN_CONSTANT_CONVERSION = YES;
				CLANG_WARN_DEPRECATED_OBJC_IMPLEMENTATIONS = YES;
				CLANG_WARN_DIRECT_OBJC_ISA_USAGE = YES_ERROR;
				CLANG_WARN_DOCUMENTATION_COMMENTS = YES;
				CLANG_WARN_EMPTY_BODY = YES;
				CLANG_WARN_ENUM_CONVERSION = YES;
				CLANG_WARN_INFINITE_RECURSION = YES;
				CLANG_WARN_INT_CONVERSION = YES;
				CLANG_WARN_NON_LITERAL_NULL_CONVERSION = YES;
				CLANG_WARN_OBJC_IMPLICIT_RETAIN_SELF = YES;
				CLANG_WARN_OBJC_LITERAL_CONVERSION = YES;
				CLANG_WARN_OBJC_ROOT_CLASS = YES_ERROR;
				CLANG_WARN_QUOTED_INCLUDE_IN_FRAMEWORK_HEADER = YES;
				CLANG_WARN_RANGE_LOOP_ANALYSIS = YES;
				CLANG_WARN_STRICT_PROTOTYPES = YES;
				CLANG_WARN_SUSPICIOUS_MOVE = YES;
				CLANG_WARN_UNGUARDED_AVAILABILITY = YES_AGGRESSIVE;
				CLANG_WARN_UNREACHABLE_CODE = YES;
				CLANG_WARN__DUPLICATE_METHOD_MATCH = YES;
				COPY_PHASE_STRIP = NO;
				DEBUG_INFORMATION_FORMAT = dwarf;
				ENABLE_STRICT_OBJC_MSGSEND = YES;
				ENABLE_TESTABILITY = YES;
				ENABLE_USER_SCRIPT_SANDBOXING = YES;
				GCC_C_LANGUAGE_STANDARD = gnu17;
				GCC_DYNAMIC_NO_PIC = NO;
				GCC_NO_COMMON_BLOCKS = YES;
				GCC_OPTIMIZATION_LEVEL = 0;
				GCC_PREPROCESSOR_DEFINITIONS = (
					"DEBUG=1",
					"$(inherited)",
				);
				GCC_WARN_64_TO_32_BIT_CONVERSION = YES;
				GCC_WARN_ABOUT_RETURN_TYPE = YES_ERROR;
				GCC_WARN_UNDECLARED_SELECTOR = YES;
				GCC_WARN_UNINITIALIZED_AUTOS = YES_AGGRESSIVE;
				GCC_WARN_UNUSED_FUNCTION = YES;
				GCC_WARN_UNUSED_VARIABLE = YES;
				IPHONEOS_DEPLOYMENT_TARGET = 17.2;
				LOCALIZATION_PREFERS_STRING_CATALOGS = YES;
				MTL_ENABLE_DEBUG_INFO = INCLUDE_SOURCE;
				MTL_FAST_MATH = YES;
				ONLY_ACTIVE_ARCH = YES;
				SDKROOT = iphoneos;
				SWIFT_ACTIVE_COMPILATION_CONDITIONS = "DEBUG $(inherited)";
				SWIFT_OPTIMIZATION_LEVEL = "-Onone";
			};
			name = Debug;
		};
		E87093EA2DC1751B007489DD /* Release */ = {
			isa = XCBuildConfiguration;
			buildSettings = {
				ALWAYS_SEARCH_USER_PATHS = NO;
				ASSETCATALOG_COMPILER_GENERATE_SWIFT_ASSET_SYMBOL_EXTENSIONS = YES;
				CLANG_ANALYZER_NONNULL = YES;
				CLANG_ANALYZER_NUMBER_OBJECT_CONVERSION = YES_AGGRESSIVE;
				CLANG_CXX_LANGUAGE_STANDARD = "gnu++20";
				CLANG_ENABLE_MODULES = YES;
				CLANG_ENABLE_OBJC_ARC = YES;
				CLANG_ENABLE_OBJC_WEAK = YES;
				CLANG_WARN_BLOCK_CAPTURE_AUTORELEASING = YES;
				CLANG_WARN_BOOL_CONVERSION = YES;
				CLANG_WARN_COMMA = YES;
				CLANG_WARN_CONSTANT_CONVERSION = YES;
				CLANG_WARN_DEPRECATED_OBJC_IMPLEMENTATIONS = YES;
				CLANG_WARN_DIRECT_OBJC_ISA_USAGE = YES_ERROR;
				CLANG_WARN_DOCUMENTATION_COMMENTS = YES;
				CLANG_WARN_EMPTY_BODY = YES;
				CLANG_WARN_ENUM_CONVERSION = YES;
				CLANG_WARN_INFINITE_RECURSION = YES;
				CLANG_WARN_INT_CONVERSION = YES;
				CLANG_WARN_NON_LITERAL_NULL_CONVERSION = YES;
				CLANG_WARN_OBJC_IMPLICIT_RETAIN_SELF = YES;
				CLANG_WARN_OBJC_LITERAL_CONVERSION = YES;
				CLANG_WARN_OBJC_ROOT_CLASS = YES_ERROR;
				CLANG_WARN_QUOTED_INCLUDE_IN_FRAMEWORK_HEADER = YES;
				CLANG_WARN_RANGE_LOOP_ANALYSIS = YES;
				CLANG_WARN_STRICT_PROTOTYPES = YES;
				CLANG_WARN_SUSPICIOUS_MOVE = YES;
				CLANG_WARN_UNGUARDED_AVAILABILITY = YES_AGGRESSIVE;
				CLANG_WARN_UNREACHABLE_CODE = YES;
				CLANG_WARN__DUPLICATE_METHOD_MATCH = YES;
				COPY_PHASE_STRIP = NO;
				DEBUG_INFORMATION_FORMAT = "dwarf-with-dsym";
				ENABLE_NS_ASSERTIONS = NO;
				ENABLE_STRICT_OBJC_MSGSEND = YES;
				ENABLE_USER_SCRIPT_SANDBOXING = YES;
				GCC_C_LANGUAGE_STANDARD = gnu17;
				GCC_NO_COMMON_BLOCKS = YES;
				GCC_WARN_64_TO_32_BIT_CONVERSION = YES;
				GCC_WARN_ABOUT_RETURN_TYPE = YES_ERROR;
				GCC_WARN_UNDECLARED_SELECTOR = YES;
				GCC_WARN_UNINITIALIZED_AUTOS = YES_AGGRESSIVE;
				GCC_WARN_UNUSED_FUNCTION = YES;
				GCC_WARN_UNUSED_VARIABLE = YES;
				IPHONEOS_DEPLOYMENT_TARGET = 17.2;
				LOCALIZATION_PREFERS_STRING_CATALOGS = YES;
				MTL_ENABLE_DEBUG_INFO = NO;
				MTL_FAST_MATH = YES;
				SDKROOT = iphoneos;
				SWIFT_COMPILATION_MODE = wholemodule;
				VALIDATE_PRODUCT = YES;
			};
			name = Release;
		};
		E87093EC2DC1751B007489DD /* Debug */ = {
			isa = XCBuildConfiguration;
			buildSettings = {
				ASSETCATALOG_COMPILER_APPICON_NAME = AppIcon;
				ASSETCATALOG_COMPILER_GLOBAL_ACCENT_COLOR_NAME = AccentColor;
				CODE_SIGN_STYLE = Automatic;
				CURRENT_PROJECT_VERSION = 1;
				GENERATE_INFOPLIST_FILE = YES;
				INFOPLIST_FILE = MCDCGuide/Info.plist;
				INFOPLIST_KEY_CFBundleDisplayName = MCDC;
				INFOPLIST_KEY_LSApplicationCategoryType = "public.app-category.travel";
				INFOPLIST_KEY_UIApplicationSupportsIndirectInputEvents = YES;
				INFOPLIST_KEY_UILaunchStoryboardName = LaunchScreen;
				INFOPLIST_KEY_UIMainStoryboardFile = "";
				INFOPLIST_KEY_UIStatusBarStyle = "";
				INFOPLIST_KEY_UISupportedInterfaceOrientations_iPad = "UIInterfaceOrientationPortrait UIInterfaceOrientationPortraitUpsideDown UIInterfaceOrientationLandscapeLeft UIInterfaceOrientationLandscapeRight";
				INFOPLIST_KEY_UISupportedInterfaceOrientations_iPhone = "UIInterfaceOrientationPortrait UIInterfaceOrientationLandscapeLeft UIInterfaceOrientationLandscapeRight";
				LD_RUNPATH_SEARCH_PATHS = (
					"$(inherited)",
					"@executable_path/Frameworks",
				);
				MARKETING_VERSION = 1.0;
				PRODUCT_BUNDLE_IDENTIFIER = com.meganb.MCDCGuide;
				PRODUCT_NAME = "$(TARGET_NAME)";
				SWIFT_EMIT_LOC_STRINGS = YES;
				SWIFT_VERSION = 5.0;
				TARGETED_DEVICE_FAMILY = "1,2";
			};
			name = Debug;
		};
		E87093ED2DC1751B007489DD /* Release */ = {
			isa = XCBuildConfiguration;
			buildSettings = {
				ASSETCATALOG_COMPILER_APPICON_NAME = AppIcon;
				ASSETCATALOG_COMPILER_GLOBAL_ACCENT_COLOR_NAME = AccentColor;
				CODE_SIGN_STYLE = Automatic;
				CURRENT_PROJECT_VERSION = 1;
				GENERATE_INFOPLIST_FILE = YES;
				INFOPLIST_FILE = MCDCGuide/Info.plist;
				INFOPLIST_KEY_CFBundleDisplayName = MCDC;
				INFOPLIST_KEY_LSApplicationCategoryType = "public.app-category.travel";
				INFOPLIST_KEY_UIApplicationSupportsIndirectInputEvents = YES;
				INFOPLIST_KEY_UILaunchStoryboardName = LaunchScreen;
				INFOPLIST_KEY_UIMainStoryboardFile = "";
				INFOPLIST_KEY_UIStatusBarStyle = "";
				INFOPLIST_KEY_UISupportedInterfaceOrientations_iPad = "UIInterfaceOrientationPortrait UIInterfaceOrientationPortraitUpsideDown UIInterfaceOrientationLandscapeLeft UIInterfaceOrientationLandscapeRight";
				INFOPLIST_KEY_UISupportedInterfaceOrientations_iPhone = "UIInterfaceOrientationPortrait UIInterfaceOrientationLandscapeLeft UIInterfaceOrientationLandscapeRight";
				LD_RUNPATH_SEARCH_PATHS = (
					"$(inherited)",
					"@executable_path/Frameworks",
				);
				MARKETING_VERSION = 1.0;
				PRODUCT_BUNDLE_IDENTIFIER = com.meganb.MCDCGuide;
				PRODUCT_NAME = "$(TARGET_NAME)";
				SWIFT_EMIT_LOC_STRINGS = YES;
				SWIFT_VERSION = 5.0;
				TARGETED_DEVICE_FAMILY = "1,2";
			};
			name = Release;
		};
/* End XCBuildConfiguration section */

/* Begin XCConfigurationList section */
		E87093D22DC17518007489DD /* Build configuration list for PBXProject "MCDCGuide" */ = {
			isa = XCConfigurationList;
			buildConfigurations = (
				E87093E92DC1751B007489DD /* Debug */,
				E87093EA2DC1751B007489DD /* Release */,
			);
			defaultConfigurationIsVisible = 0;
			defaultConfigurationName = Release;
		};
		E87093EB2DC1751B007489DD /* Build configuration list for PBXNativeTarget "MCDCGuide" */ = {
			isa = XCConfigurationList;
			buildConfigurations = (
				E87093EC2DC1751B007489DD /* Debug */,
				E87093ED2DC1751B007489DD /* Release */,
			);
			defaultConfigurationIsVisible = 0;
			defaultConfigurationName = Release;
		};
/* End XCConfigurationList section */
	};
	rootObject = E87093CF2DC17518007489DD /* Project object */;
}
